github.com/Track3/hermit v1.2.2 h1:7e1fvP2hzfrPzauMzZN+t/kqkCFh2tgmeN9/wDN0BPQ=
github.com/Track3/hermit v1.2.2/go.mod h1:jqzJP0NJPc2VPDZc6RZrj0YaiHF8G8d1aqf//LSO6Ds=
github.com/kakawait/hugo-tranquilpeak-theme v0.0.0-20200529215334-e1d2c5d5cb1e h1:FDWWGdCgjyojpMAoQMkxtpfiTYBqrl2ko6QJ1Uh+YuE=
github.com/kakawait/hugo-tranquilpeak-theme v0.0.0-20200529215334-e1d2c5d5cb1e/go.mod h1:ALR3J98DIlodBHNtSCMi28RveJSRkho/i+VAyB+WrR0=
github.com/xianmin/hugo-theme-jane v0.0.0-20210108235432-cfbd7dccfbb4 h1:18pvmyhdUJ/hVt2wC0kEo+gkj+KNJGHSdw53h8wfVL4=
github.com/xianmin/hugo-theme-jane v0.0.0-20210108235432-cfbd7dccfbb4/go.mod h1:Zf3ISQW08nRA/b6a6KsbkZEnTJHxMZaaYeODgyKb6cU=
